
Microsoft Visual Studio Solution File, Format Version 12.00
# Visual Studio Version 17
VisualStudioVersion = 17.3.32819.101
MinimumVisualStudioVersion = 10.0.40219.1
Project("{FAE04EC0-301F-11D3-BF4B-00C04F79EFBC}") = "ConnectFourForm", "ConnectFourForm\ConnectFourForm.csproj", "{DE9666D1-FFD2-434E-9883-33C27EE0F4D7}"
EndProject
Global
	GlobalSection(SolutionConfigurationPlatforms) = preSolution
		Debug|Any CPU = Debug|Any CPU
		Release|Any CPU = Release|Any CPU
	EndGlobalSection
	GlobalSection(ProjectConfigurationPlatforms) = postSolution
		{DE9666D1-FFD2-434E-9883-33C27EE0F4D7}.Debug|Any CPU.ActiveCfg = Debug|Any CPU
		{DE9666D1-FFD2-434E-9883-33C27EE0F4D7}.Debug|Any CPU.Build.0 = Debug|Any CPU
		{DE9666D1-FFD2-434E-9883-33C27EE0F4D7}.Release|Any CPU.ActiveCfg = Release|Any CPU
		{DE9666D1-FFD2-434E-9883-33C27EE0F4D7}.Release|Any CPU.Build.0 = Release|Any CPU
	EndGlobalSection
	GlobalSection(SolutionProperties) = preSolution
		HideSolutionNode = FALSE
	EndGlobalSection
	GlobalSection(ExtensibilityGlobals) = postSolution
		SolutionGuid = {A5C7445C-FB7F-4A98-A2AF-6D446CD651AE}
	EndGlobalSection
EndGlobal
